# THIS IS AN AUTOGENERATED FILE. DO NOT EDIT THIS FILE DIRECTLY.
# yarn lockfile v1


"@types/q@^1.5.1":
  version "1.5.2"
  resolved "https://registry.npm.taobao.org/@types/q/download/@types/q-1.5.2.tgz?cache=0&other_urls=https%3A%2F%2Fregistry.npm.taobao.org%2F%40types%2Fq%2Fdownload%2F%40types%2Fq-1.5.2.tgz"

alphanum-sort@^1.0.0:
  version "1.0.2"
  resolved "https://registry.npm.taobao.org/alphanum-sort/download/alphanum-sort-1.0.2.tgz"

ansi-styles@^3.2.1:
  version "3.2.1"
  resolved "https://registry.npm.taobao.org/ansi-styles/download/ansi-styles-3.2.1.tgz"
  dependencies:
    color-convert "^1.9.0"

argparse@^1.0.7:
  version "1.0.10"
  resolved "https://registry.npm.taobao.org/argparse/download/argparse-1.0.10.tgz"
  dependencies:
    sprintf-js "~1.0.2"

boolbase@^1.0.0, boolbase@~1.0.0:
  version "1.0.0"
  resolved "https://registry.npm.taobao.org/boolbase/download/boolbase-1.0.0.tgz"

browserslist@^4.0.0:
  version "4.12.0"
  resolved "https://registry.npm.taobao.org/browserslist/download/browserslist-4.12.0.tgz"
  dependencies:
    caniuse-lite "^1.0.30001043"
    electron-to-chromium "^1.3.413"
    node-releases "^1.1.53"
    pkg-up "^2.0.0"

caller-callsite@^2.0.0:
  version "2.0.0"
  resolved "https://registry.npm.taobao.org/caller-callsite/download/caller-callsite-2.0.0.tgz"
  dependencies:
    callsites "^2.0.0"

caller-path@^2.0.0:
  version "2.0.0"
  resolved "https://registry.npm.taobao.org/caller-path/download/caller-path-2.0.0.tgz"
  dependencies:
    caller-callsite "^2.0.0"

callsites@^2.0.0:
  version "2.0.0"
  resolved "https://registry.npm.taobao.org/callsites/download/callsites-2.0.0.tgz"

caniuse-api@^3.0.0:
  version "3.0.0"
  resolved "https://registry.npm.taobao.org/caniuse-api/download/caniuse-api-3.0.0.tgz"
  dependencies:
    browserslist "^4.0.0"
    caniuse-lite "^1.0.0"
    lodash.memoize "^4.1.2"
    lodash.uniq "^4.5.0"

caniuse-lite@^1.0.0, caniuse-lite@^1.0.30001043:
  version "1.0.30001055"
  resolved "https://registry.npm.taobao.org/caniuse-lite/download/caniuse-lite-1.0.30001055.tgz"

chalk@^2.4.1, chalk@^2.4.2:
  version "2.4.2"
  resolved "https://registry.npm.taobao.org/chalk/download/chalk-2.4.2.tgz"
  dependencies:
    ansi-styles "^3.2.1"
    escape-string-regexp "^1.0.5"
    supports-color "^5.3.0"

coa@^2.0.2:
  version "2.0.2"
  resolved "https://registry.npm.taobao.org/coa/download/coa-2.0.2.tgz"
  dependencies:
    "@types/q" "^1.5.1"
    chalk "^2.4.1"
    q "^1.1.2"

color-convert@^1.9.0, color-convert@^1.9.1:
  version "1.9.3"
  resolved "https://registry.npm.taobao.org/color-convert/download/color-convert-1.9.3.tgz"
  dependencies:
    color-name "1.1.3"

color-name@1.1.3, color-name@^1.0.0:
  version "1.1.3"
  resolved "https://registry.npm.taobao.org/color-name/download/color-name-1.1.3.tgz"

color-string@^1.5.2:
  version "1.5.3"
  resolved "https://registry.npm.taobao.org/color-string/download/color-string-1.5.3.tgz"
  dependencies:
    color-name "^1.0.0"
    simple-swizzle "^0.2.2"

color@^3.0.0:
  version "3.1.2"
  resolved "https://registry.npm.taobao.org/color/download/color-3.1.2.tgz"
  dependencies:
    color-convert "^1.9.1"
    color-string "^1.5.2"

cosmiconfig@^5.0.0:
  version "5.2.1"
  resolved "https://registry.npm.taobao.org/cosmiconfig/download/cosmiconfig-5.2.1.tgz"
  dependencies:
    import-fresh "^2.0.0"
    is-directory "^0.3.1"
    js-yaml "^3.13.1"
    parse-json "^4.0.0"

css-color-names@0.0.4, css-color-names@^0.0.4:
  version "0.0.4"
  resolved "https://registry.npm.taobao.org/css-color-names/download/css-color-names-0.0.4.tgz?cache=0&other_urls=https%3A%2F%2Fregistry.npm.taobao.org%2Fcss-color-names%2Fdownload%2Fcss-color-names-0.0.4.tgz"

css-declaration-sorter@^4.0.1:
  version "4.0.1"
  resolved "https://registry.npm.taobao.org/css-declaration-sorter/download/css-declaration-sorter-4.0.1.tgz?cache=0&other_urls=https%3A%2F%2Fregistry.npm.taobao.org%2Fcss-declaration-sorter%2Fdownload%2Fcss-declaration-sorter-4.0.1.tgz"
  dependencies:
    postcss "^7.0.1"
    timsort "^0.3.0"

css-select-base-adapter@^0.1.1:
  version "0.1.1"
  resolved "https://registry.npm.taobao.org/css-select-base-adapter/download/css-select-base-adapter-0.1.1.tgz"

css-select@^2.0.0:
  version "2.1.0"
  resolved "https://registry.npm.taobao.org/css-select/download/css-select-2.1.0.tgz"
  dependencies:
    boolbase "^1.0.0"
    css-what "^3.2.1"
    domutils "^1.7.0"
    nth-check "^1.0.2"

css-tree@1.0.0-alpha.37:
  version "1.0.0-alpha.37"
  resolved "https://registry.npm.taobao.org/css-tree/download/css-tree-1.0.0-alpha.37.tgz"
  dependencies:
    mdn-data "2.0.4"
    source-map "^0.6.1"

css-tree@1.0.0-alpha.39:
  version "1.0.0-alpha.39"
  resolved "https://registry.npm.taobao.org/css-tree/download/css-tree-1.0.0-alpha.39.tgz"
  dependencies:
    mdn-data "2.0.6"
    source-map "^0.6.1"

css-what@^3.2.1:
  version "3.2.1"
  resolved "https://registry.npm.taobao.org/css-what/download/css-what-3.2.1.tgz"

cssesc@^3.0.0:
  version "3.0.0"
  resolved "https://registry.npm.taobao.org/cssesc/download/cssesc-3.0.0.tgz"

cssnano-preset-default@^4.0.7:
  version "4.0.7"
  resolved "https://registry.npm.taobao.org/cssnano-preset-default/download/cssnano-preset-default-4.0.7.tgz"
  dependencies:
    css-declaration-sorter "^4.0.1"
    cssnano-util-raw-cache "^4.0.1"
    postcss "^7.0.0"
    postcss-calc "^7.0.1"
    postcss-colormin "^4.0.3"
    postcss-convert-values "^4.0.1"
    postcss-discard-comments "^4.0.2"
    postcss-discard-duplicates "^4.0.2"
    postcss-discard-empty "^4.0.1"
    postcss-discard-overridden "^4.0.1"
    postcss-merge-longhand "^4.0.11"
    postcss-merge-rules "^4.0.3"
    postcss-minify-font-values "^4.0.2"
    postcss-minify-gradients "^4.0.2"
    postcss-minify-params "^4.0.2"
    postcss-minify-selectors "^4.0.2"
    postcss-normalize-charset "^4.0.1"
    postcss-normalize-display-values "^4.0.2"
    postcss-normalize-positions "^4.0.2"
    postcss-normalize-repeat-style "^4.0.2"
    postcss-normalize-string "^4.0.2"
    postcss-normalize-timing-functions "^4.0.2"
    postcss-normalize-unicode "^4.0.1"
    postcss-normalize-url "^4.0.1"
    postcss-normalize-whitespace "^4.0.2"
    postcss-ordered-values "^4.1.2"
    postcss-reduce-initial "^4.0.3"
    postcss-reduce-transforms "^4.0.2"
    postcss-svgo "^4.0.2"
    postcss-unique-selectors "^4.0.1"

cssnano-util-get-arguments@^4.0.0:
  version "4.0.0"
  resolved "https://registry.npm.taobao.org/cssnano-util-get-arguments/download/cssnano-util-get-arguments-4.0.0.tgz"

cssnano-util-get-match@^4.0.0:
  version "4.0.0"
  resolved "https://registry.npm.taobao.org/cssnano-util-get-match/download/cssnano-util-get-match-4.0.0.tgz"

cssnano-util-raw-cache@^4.0.1:
  version "4.0.1"
  resolved "https://registry.npm.taobao.org/cssnano-util-raw-cache/download/cssnano-util-raw-cache-4.0.1.tgz"
  dependencies:
    postcss "^7.0.0"

cssnano-util-same-parent@^4.0.0:
  version "4.0.1"
  resolved "https://registry.npm.taobao.org/cssnano-util-same-parent/download/cssnano-util-same-parent-4.0.1.tgz"

cssnano@^4.1.10:
  version "4.1.10"
  resolved "https://registry.npm.taobao.org/cssnano/download/cssnano-4.1.10.tgz?cache=0&other_urls=https%3A%2F%2Fregistry.npm.taobao.org%2Fcssnano%2Fdownload%2Fcssnano-4.1.10.tgz"
  dependencies:
    cosmiconfig "^5.0.0"
    cssnano-preset-default "^4.0.7"
    is-resolvable "^1.0.0"
    postcss "^7.0.0"

csso@^4.0.2:
  version "4.0.3"
  resolved "https://registry.npm.taobao.org/csso/download/csso-4.0.3.tgz"
  dependencies:
    css-tree "1.0.0-alpha.39"

define-properties@^1.1.2, define-properties@^1.1.3:
  version "1.1.3"
  resolved "https://registry.npm.taobao.org/define-properties/download/define-properties-1.1.3.tgz"
  dependencies:
    object-keys "^1.0.12"

dom-serializer@0:
  version "0.2.2"
  resolved "https://registry.npm.taobao.org/dom-serializer/download/dom-serializer-0.2.2.tgz"
  dependencies:
    domelementtype "^2.0.1"
    entities "^2.0.0"

domelementtype@1:
  version "1.3.1"
  resolved "https://registry.npm.taobao.org/domelementtype/download/domelementtype-1.3.1.tgz"

domelementtype@^2.0.1:
  version "2.0.1"
  resolved "https://registry.npm.taobao.org/domelementtype/download/domelementtype-2.0.1.tgz"

domutils@^1.7.0:
  version "1.7.0"
  resolved "https://registry.npm.taobao.org/domutils/download/domutils-1.7.0.tgz?cache=0&sync_timestamp=1589052925886&other_urls=https%3A%2F%2Fregistry.npm.taobao.org%2Fdomutils%2Fdownload%2Fdomutils-1.7.0.tgz"
  dependencies:
    dom-serializer "0"
    domelementtype "1"

dot-prop@^5.2.0:
  version "5.2.0"
  resolved "https://registry.npm.taobao.org/dot-prop/download/dot-prop-5.2.0.tgz?cache=0&other_urls=https%3A%2F%2Fregistry.npm.taobao.org%2Fdot-prop%2Fdownload%2Fdot-prop-5.2.0.tgz"
  dependencies:
    is-obj "^2.0.0"

electron-to-chromium@^1.3.413:
  version "1.3.433"
  resolved "https://registry.npm.taobao.org/electron-to-chromium/download/electron-to-chromium-1.3.433.tgz"

entities@^2.0.0:
  version "2.0.2"
  resolved "https://registry.npm.taobao.org/entities/download/entities-2.0.2.tgz"

error-ex@^1.3.1:
  version "1.3.2"
  resolved "https://registry.npm.taobao.org/error-ex/download/error-ex-1.3.2.tgz"
  dependencies:
    is-arrayish "^0.2.1"

es-abstract@^1.17.0-next.1, es-abstract@^1.17.2, es-abstract@^1.17.5:
  version "1.17.5"
  resolved "https://registry.npm.taobao.org/es-abstract/download/es-abstract-1.17.5.tgz"
  dependencies:
    es-to-primitive "^1.2.1"
    function-bind "^1.1.1"
    has "^1.0.3"
    has-symbols "^1.0.1"
    is-callable "^1.1.5"
    is-regex "^1.0.5"
    object-inspect "^1.7.0"
    object-keys "^1.1.1"
    object.assign "^4.1.0"
    string.prototype.trimleft "^2.1.1"
    string.prototype.trimright "^2.1.1"

es-to-primitive@^1.2.1:
  version "1.2.1"
  resolved "https://registry.npm.taobao.org/es-to-primitive/download/es-to-primitive-1.2.1.tgz"
  dependencies:
    is-callable "^1.1.4"
    is-date-object "^1.0.1"
    is-symbol "^1.0.2"

escape-string-regexp@^1.0.5:
  version "1.0.5"
  resolved "https://registry.npm.taobao.org/escape-string-regexp/download/escape-string-regexp-1.0.5.tgz"

esprima@^4.0.0:
  version "4.0.1"
  resolved "https://registry.npm.taobao.org/esprima/download/esprima-4.0.1.tgz"

find-up@^2.1.0:
  version "2.1.0"
  resolved "https://registry.npm.taobao.org/find-up/download/find-up-2.1.0.tgz"
  dependencies:
    locate-path "^2.0.0"

function-bind@^1.1.1:
  version "1.1.1"
  resolved "https://registry.npm.taobao.org/function-bind/download/function-bind-1.1.1.tgz"

has-flag@^3.0.0:
  version "3.0.0"
  resolved "https://registry.npm.taobao.org/has-flag/download/has-flag-3.0.0.tgz"

has-symbols@^1.0.0, has-symbols@^1.0.1:
  version "1.0.1"
  resolved "https://registry.npm.taobao.org/has-symbols/download/has-symbols-1.0.1.tgz"

has@^1.0.0, has@^1.0.3:
  version "1.0.3"
  resolved "https://registry.npm.taobao.org/has/download/has-1.0.3.tgz"
  dependencies:
    function-bind "^1.1.1"

hex-color-regex@^1.1.0:
  version "1.1.0"
  resolved "https://registry.npm.taobao.org/hex-color-regex/download/hex-color-regex-1.1.0.tgz"

hsl-regex@^1.0.0:
  version "1.0.0"
  resolved "https://registry.npm.taobao.org/hsl-regex/download/hsl-regex-1.0.0.tgz"

hsla-regex@^1.0.0:
  version "1.0.0"
  resolved "https://registry.npm.taobao.org/hsla-regex/download/hsla-regex-1.0.0.tgz"

html-comment-regex@^1.1.0:
  version "1.1.2"
  resolved "https://registry.npm.taobao.org/html-comment-regex/download/html-comment-regex-1.1.2.tgz"

import-fresh@^2.0.0:
  version "2.0.0"
  resolved "https://registry.npm.taobao.org/import-fresh/download/import-fresh-2.0.0.tgz"
  dependencies:
    caller-path "^2.0.0"
    resolve-from "^3.0.0"

indexes-of@^1.0.1:
  version "1.0.1"
  resolved "https://registry.npm.taobao.org/indexes-of/download/indexes-of-1.0.1.tgz"

is-absolute-url@^2.0.0:
  version "2.1.0"
  resolved "https://registry.npm.taobao.org/is-absolute-url/download/is-absolute-url-2.1.0.tgz"

is-arrayish@^0.2.1:
  version "0.2.1"
  resolved "https://registry.npm.taobao.org/is-arrayish/download/is-arrayish-0.2.1.tgz"

is-arrayish@^0.3.1:
  version "0.3.2"
  resolved "https://registry.npm.taobao.org/is-arrayish/download/is-arrayish-0.3.2.tgz"

is-callable@^1.1.4, is-callable@^1.1.5:
  version "1.1.5"
  resolved "https://registry.npm.taobao.org/is-callable/download/is-callable-1.1.5.tgz?cache=0&sync_timestamp=1576778603160&other_urls=https%3A%2F%2Fregistry.npm.taobao.org%2Fis-callable%2Fdownload%2Fis-callable-1.1.5.tgz"

is-color-stop@^1.0.0:
  version "1.1.0"
  resolved "https://registry.npm.taobao.org/is-color-stop/download/is-color-stop-1.1.0.tgz"
  dependencies:
    css-color-names "^0.0.4"
    hex-color-regex "^1.1.0"
    hsl-regex "^1.0.0"
    hsla-regex "^1.0.0"
    rgb-regex "^1.0.1"
    rgba-regex "^1.0.0"

is-date-object@^1.0.1:
  version "1.0.2"
  resolved "https://registry.npm.taobao.org/is-date-object/download/is-date-object-1.0.2.tgz?cache=0&sync_timestamp=1576729394532&other_urls=https%3A%2F%2Fregistry.npm.taobao.org%2Fis-date-object%2Fdownload%2Fis-date-object-1.0.2.tgz"

is-directory@^0.3.1:
  version "0.3.1"
  resolved "https://registry.npm.taobao.org/is-directory/download/is-directory-0.3.1.tgz"

is-obj@^2.0.0:
  version "2.0.0"
  resolved "https://registry.npm.taobao.org/is-obj/download/is-obj-2.0.0.tgz"

is-regex@^1.0.5:
  version "1.0.5"
  resolved "https://registry.npm.taobao.org/is-regex/download/is-regex-1.0.5.tgz"
  dependencies:
    has "^1.0.3"

is-resolvable@^1.0.0:
  version "1.1.0"
  resolved "https://registry.npm.taobao.org/is-resolvable/download/is-resolvable-1.1.0.tgz"

is-svg@^3.0.0:
  version "3.0.0"
  resolved "https://registry.npm.taobao.org/is-svg/download/is-svg-3.0.0.tgz"
  dependencies:
    html-comment-regex "^1.1.0"

is-symbol@^1.0.2:
  version "1.0.3"
  resolved "https://registry.npm.taobao.org/is-symbol/download/is-symbol-1.0.3.tgz?cache=0&sync_timestamp=1574297184917&other_urls=https%3A%2F%2Fregistry.npm.taobao.org%2Fis-symbol%2Fdownload%2Fis-symbol-1.0.3.tgz"
  dependencies:
    has-symbols "^1.0.1"

js-yaml@^3.13.1:
  version "3.13.1"
  resolved "https://registry.npm.taobao.org/js-yaml/download/js-yaml-3.13.1.tgz"
  dependencies:
    argparse "^1.0.7"
    esprima "^4.0.0"

json-parse-better-errors@^1.0.1:
  version "1.0.2"
  resolved "https://registry.npm.taobao.org/json-parse-better-errors/download/json-parse-better-errors-1.0.2.tgz"

locate-path@^2.0.0:
  version "2.0.0"
  resolved "https://registry.npm.taobao.org/locate-path/download/locate-path-2.0.0.tgz"
  dependencies:
    p-locate "^2.0.0"
    path-exists "^3.0.0"

lodash.memoize@^4.1.2:
  version "4.1.2"
  resolved "https://registry.npm.taobao.org/lodash.memoize/download/lodash.memoize-4.1.2.tgz"

lodash.uniq@^4.5.0:
  version "4.5.0"
  resolved "https://registry.npm.taobao.org/lodash.uniq/download/lodash.uniq-4.5.0.tgz"

mdn-data@2.0.4:
  version "2.0.4"
  resolved "https://registry.npm.taobao.org/mdn-data/download/mdn-data-2.0.4.tgz?cache=0&sync_timestamp=1584029151450&other_urls=https%3A%2F%2Fregistry.npm.taobao.org%2Fmdn-data%2Fdownload%2Fmdn-data-2.0.4.tgz"

mdn-data@2.0.6:
  version "2.0.6"
  resolved "https://registry.npm.taobao.org/mdn-data/download/mdn-data-2.0.6.tgz?cache=0&sync_timestamp=1584029151450&other_urls=https%3A%2F%2Fregistry.npm.taobao.org%2Fmdn-data%2Fdownload%2Fmdn-data-2.0.6.tgz"

minimist@^1.2.5:
  version "1.2.6"
  resolved "https://registry.yarnpkg.com/minimist/-/minimist-1.2.6.tgz#8637a5b759ea0d6e98702cfb3a9283323c93af44"

mkdirp@~0.5.1:
  version "0.5.5"
  resolved "https://registry.npm.taobao.org/mkdirp/download/mkdirp-0.5.5.tgz?cache=0&sync_timestamp=1587535418745&other_urls=https%3A%2F%2Fregistry.npm.taobao.org%2Fmkdirp%2Fdownload%2Fmkdirp-0.5.5.tgz"
  dependencies:
    minimist "^1.2.5"

node-releases@^1.1.53:
  version "1.1.55"
  resolved "https://registry.npm.taobao.org/node-releases/download/node-releases-1.1.55.tgz"

normalize-url@^3.0.0:
  version "3.3.0"
  resolved "https://registry.npm.taobao.org/normalize-url/download/normalize-url-3.3.0.tgz"

nth-check@^1.0.2:
  version "1.0.2"
  resolved "https://registry.npm.taobao.org/nth-check/download/nth-check-1.0.2.tgz"
  dependencies:
    boolbase "~1.0.0"

object-inspect@^1.7.0:
  version "1.7.0"
  resolved "https://registry.npm.taobao.org/object-inspect/download/object-inspect-1.7.0.tgz?cache=0&sync_timestamp=1573451929207&other_urls=https%3A%2F%2Fregistry.npm.taobao.org%2Fobject-inspect%2Fdownload%2Fobject-inspect-1.7.0.tgz"

object-keys@^1.0.11, object-keys@^1.0.12, object-keys@^1.1.1:
  version "1.1.1"
  resolved "https://registry.npm.taobao.org/object-keys/download/object-keys-1.1.1.tgz"

object.assign@^4.1.0:
  version "4.1.0"
  resolved "https://registry.npm.taobao.org/object.assign/download/object.assign-4.1.0.tgz"
  dependencies:
    define-properties "^1.1.2"
    function-bind "^1.1.1"
    has-symbols "^1.0.0"
    object-keys "^1.0.11"

object.getownpropertydescriptors@^2.1.0:
  version "2.1.0"
  resolved "https://registry.npm.taobao.org/object.getownpropertydescriptors/download/object.getownpropertydescriptors-2.1.0.tgz"
  dependencies:
    define-properties "^1.1.3"
    es-abstract "^1.17.0-next.1"

object.values@^1.1.0:
  version "1.1.1"
  resolved "https://registry.npm.taobao.org/object.values/download/object.values-1.1.1.tgz"
  dependencies:
    define-properties "^1.1.3"
    es-abstract "^1.17.0-next.1"
    function-bind "^1.1.1"
    has "^1.0.3"

p-limit@^1.1.0:
  version "1.3.0"
  resolved "https://registry.npm.taobao.org/p-limit/download/p-limit-1.3.0.tgz?cache=0&sync_timestamp=1586101462762&other_urls=https%3A%2F%2Fregistry.npm.taobao.org%2Fp-limit%2Fdownload%2Fp-limit-1.3.0.tgz"
  dependencies:
    p-try "^1.0.0"

p-locate@^2.0.0:
  version "2.0.0"
  resolved "https://registry.npm.taobao.org/p-locate/download/p-locate-2.0.0.tgz"
  dependencies:
    p-limit "^1.1.0"

p-try@^1.0.0:
  version "1.0.0"
  resolved "https://registry.npm.taobao.org/p-try/download/p-try-1.0.0.tgz"

parse-json@^4.0.0:
  version "4.0.0"
  resolved "https://registry.npm.taobao.org/parse-json/download/parse-json-4.0.0.tgz"
  dependencies:
    error-ex "^1.3.1"
    json-parse-better-errors "^1.0.1"

path-exists@^3.0.0:
  version "3.0.0"
  resolved "https://registry.npm.taobao.org/path-exists/download/path-exists-3.0.0.tgz"

pkg-up@^2.0.0:
  version "2.0.0"
  resolved "https://registry.npm.taobao.org/pkg-up/download/pkg-up-2.0.0.tgz"
  dependencies:
    find-up "^2.1.0"

postcss-calc@^7.0.1:
  version "7.0.2"
  resolved "https://registry.npm.taobao.org/postcss-calc/download/postcss-calc-7.0.2.tgz?cache=0&sync_timestamp=1582014393117&other_urls=https%3A%2F%2Fregistry.npm.taobao.org%2Fpostcss-calc%2Fdownload%2Fpostcss-calc-7.0.2.tgz"
  dependencies:
    postcss "^7.0.27"
    postcss-selector-parser "^6.0.2"
    postcss-value-parser "^4.0.2"

postcss-colormin@^4.0.3:
  version "4.0.3"
  resolved "https://registry.npm.taobao.org/postcss-colormin/download/postcss-colormin-4.0.3.tgz"
  dependencies:
    browserslist "^4.0.0"
    color "^3.0.0"
    has "^1.0.0"
    postcss "^7.0.0"
    postcss-value-parser "^3.0.0"

postcss-convert-values@^4.0.1:
  version "4.0.1"
  resolved "https://registry.npm.taobao.org/postcss-convert-values/download/postcss-convert-values-4.0.1.tgz"
  dependencies:
    postcss "^7.0.0"
    postcss-value-parser "^3.0.0"

postcss-discard-comments@^4.0.2:
  version "4.0.2"
  resolved "https://registry.npm.taobao.org/postcss-discard-comments/download/postcss-discard-comments-4.0.2.tgz"
  dependencies:
    postcss "^7.0.0"

postcss-discard-duplicates@^4.0.2:
  version "4.0.2"
  resolved "https://registry.npm.taobao.org/postcss-discard-duplicates/download/postcss-discard-duplicates-4.0.2.tgz"
  dependencies:
    postcss "^7.0.0"

postcss-discard-empty@^4.0.1:
  version "4.0.1"
  resolved "https://registry.npm.taobao.org/postcss-discard-empty/download/postcss-discard-empty-4.0.1.tgz"
  dependencies:
    postcss "^7.0.0"

postcss-discard-overridden@^4.0.1:
  version "4.0.1"
  resolved "https://registry.npm.taobao.org/postcss-discard-overridden/download/postcss-discard-overridden-4.0.1.tgz"
  dependencies:
    postcss "^7.0.0"

postcss-merge-longhand@^4.0.11:
  version "4.0.11"
  resolved "https://registry.npm.taobao.org/postcss-merge-longhand/download/postcss-merge-longhand-4.0.11.tgz"
  dependencies:
    css-color-names "0.0.4"
    postcss "^7.0.0"
    postcss-value-parser "^3.0.0"
    stylehacks "^4.0.0"

postcss-merge-rules@^4.0.3:
  version "4.0.3"
  resolved "https://registry.npm.taobao.org/postcss-merge-rules/download/postcss-merge-rules-4.0.3.tgz"
  dependencies:
    browserslist "^4.0.0"
    caniuse-api "^3.0.0"
    cssnano-util-same-parent "^4.0.0"
    postcss "^7.0.0"
    postcss-selector-parser "^3.0.0"
    vendors "^1.0.0"

postcss-minify-font-values@^4.0.2:
  version "4.0.2"
  resolved "https://registry.npm.taobao.org/postcss-minify-font-values/download/postcss-minify-font-values-4.0.2.tgz"
  dependencies:
    postcss "^7.0.0"
    postcss-value-parser "^3.0.0"

postcss-minify-gradients@^4.0.2:
  version "4.0.2"
  resolved "https://registry.npm.taobao.org/postcss-minify-gradients/download/postcss-minify-gradients-4.0.2.tgz"
  dependencies:
    cssnano-util-get-arguments "^4.0.0"
    is-color-stop "^1.0.0"
    postcss "^7.0.0"
    postcss-value-parser "^3.0.0"

postcss-minify-params@^4.0.2:
  version "4.0.2"
  resolved "https://registry.npm.taobao.org/postcss-minify-params/download/postcss-minify-params-4.0.2.tgz"
  dependencies:
    alphanum-sort "^1.0.0"
    browserslist "^4.0.0"
    cssnano-util-get-arguments "^4.0.0"
    postcss "^7.0.0"
    postcss-value-parser "^3.0.0"
    uniqs "^2.0.0"

postcss-minify-selectors@^4.0.2:
  version "4.0.2"
  resolved "https://registry.npm.taobao.org/postcss-minify-selectors/download/postcss-minify-selectors-4.0.2.tgz"
  dependencies:
    alphanum-sort "^1.0.0"
    has "^1.0.0"
    postcss "^7.0.0"
    postcss-selector-parser "^3.0.0"

postcss-normalize-charset@^4.0.1:
  version "4.0.1"
  resolved "https://registry.npm.taobao.org/postcss-normalize-charset/download/postcss-normalize-charset-4.0.1.tgz"
  dependencies:
    postcss "^7.0.0"

postcss-normalize-display-values@^4.0.2:
  version "4.0.2"
  resolved "https://registry.npm.taobao.org/postcss-normalize-display-values/download/postcss-normalize-display-values-4.0.2.tgz"
  dependencies:
    cssnano-util-get-match "^4.0.0"
    postcss "^7.0.0"
    postcss-value-parser "^3.0.0"

postcss-normalize-positions@^4.0.2:
  version "4.0.2"
  resolved "https://registry.npm.taobao.org/postcss-normalize-positions/download/postcss-normalize-positions-4.0.2.tgz"
  dependencies:
    cssnano-util-get-arguments "^4.0.0"
    has "^1.0.0"
    postcss "^7.0.0"
    postcss-value-parser "^3.0.0"

postcss-normalize-repeat-style@^4.0.2:
  version "4.0.2"
  resolved "https://registry.npm.taobao.org/postcss-normalize-repeat-style/download/postcss-normalize-repeat-style-4.0.2.tgz"
  dependencies:
    cssnano-util-get-arguments "^4.0.0"
    cssnano-util-get-match "^4.0.0"
    postcss "^7.0.0"
    postcss-value-parser "^3.0.0"

postcss-normalize-string@^4.0.2:
  version "4.0.2"
  resolved "https://registry.npm.taobao.org/postcss-normalize-string/download/postcss-normalize-string-4.0.2.tgz"
  dependencies:
    has "^1.0.0"
    postcss "^7.0.0"
    postcss-value-parser "^3.0.0"

postcss-normalize-timing-functions@^4.0.2:
  version "4.0.2"
  resolved "https://registry.npm.taobao.org/postcss-normalize-timing-functions/download/postcss-normalize-timing-functions-4.0.2.tgz"
  dependencies:
    cssnano-util-get-match "^4.0.0"
    postcss "^7.0.0"
    postcss-value-parser "^3.0.0"

postcss-normalize-unicode@^4.0.1:
  version "4.0.1"
  resolved "https://registry.npm.taobao.org/postcss-normalize-unicode/download/postcss-normalize-unicode-4.0.1.tgz"
  dependencies:
    browserslist "^4.0.0"
    postcss "^7.0.0"
    postcss-value-parser "^3.0.0"

postcss-normalize-url@^4.0.1:
  version "4.0.1"
  resolved "https://registry.npm.taobao.org/postcss-normalize-url/download/postcss-normalize-url-4.0.1.tgz"
  dependencies:
    is-absolute-url "^2.0.0"
    normalize-url "^3.0.0"
    postcss "^7.0.0"
    postcss-value-parser "^3.0.0"

postcss-normalize-whitespace@^4.0.2:
  version "4.0.2"
  resolved "https://registry.npm.taobao.org/postcss-normalize-whitespace/download/postcss-normalize-whitespace-4.0.2.tgz"
  dependencies:
    postcss "^7.0.0"
    postcss-value-parser "^3.0.0"

postcss-ordered-values@^4.1.2:
  version "4.1.2"
  resolved "https://registry.npm.taobao.org/postcss-ordered-values/download/postcss-ordered-values-4.1.2.tgz"
  dependencies:
    cssnano-util-get-arguments "^4.0.0"
    postcss "^7.0.0"
    postcss-value-parser "^3.0.0"

postcss-reduce-initial@^4.0.3:
  version "4.0.3"
  resolved "https://registry.npm.taobao.org/postcss-reduce-initial/download/postcss-reduce-initial-4.0.3.tgz"
  dependencies:
    browserslist "^4.0.0"
    caniuse-api "^3.0.0"
    has "^1.0.0"
    postcss "^7.0.0"

postcss-reduce-transforms@^4.0.2:
  version "4.0.2"
  resolved "https://registry.npm.taobao.org/postcss-reduce-transforms/download/postcss-reduce-transforms-4.0.2.tgz"
  dependencies:
    cssnano-util-get-match "^4.0.0"
    has "^1.0.0"
    postcss "^7.0.0"
    postcss-value-parser "^3.0.0"

postcss-selector-parser@^3.0.0:
  version "3.1.2"
  resolved "https://registry.npm.taobao.org/postcss-selector-parser/download/postcss-selector-parser-3.1.2.tgz"
  dependencies:
    dot-prop "^5.2.0"
    indexes-of "^1.0.1"
    uniq "^1.0.1"

postcss-selector-parser@^6.0.2:
  version "6.0.2"
  resolved "https://registry.npm.taobao.org/postcss-selector-parser/download/postcss-selector-parser-6.0.2.tgz"
  dependencies:
    cssesc "^3.0.0"
    indexes-of "^1.0.1"
    uniq "^1.0.1"

postcss-svgo@^4.0.2:
  version "4.0.2"
  resolved "https://registry.npm.taobao.org/postcss-svgo/download/postcss-svgo-4.0.2.tgz"
  dependencies:
    is-svg "^3.0.0"
    postcss "^7.0.0"
    postcss-value-parser "^3.0.0"
    svgo "^1.0.0"

postcss-unique-selectors@^4.0.1:
  version "4.0.1"
  resolved "https://registry.npm.taobao.org/postcss-unique-selectors/download/postcss-unique-selectors-4.0.1.tgz"
  dependencies:
    alphanum-sort "^1.0.0"
    postcss "^7.0.0"
    uniqs "^2.0.0"

postcss-value-parser@^3.0.0:
  version "3.3.1"
  resolved "https://registry.npm.taobao.org/postcss-value-parser/download/postcss-value-parser-3.3.1.tgz"

postcss-value-parser@^4.0.2:
  version "4.1.0"
  resolved "https://registry.npm.taobao.org/postcss-value-parser/download/postcss-value-parser-4.1.0.tgz"

postcss@^7.0.0, postcss@^7.0.1, postcss@^7.0.27:
  version "7.0.30"
  resolved "https://registry.npm.taobao.org/postcss/download/postcss-7.0.30.tgz?cache=0&sync_timestamp=1589206165064&other_urls=https%3A%2F%2Fregistry.npm.taobao.org%2Fpostcss%2Fdownload%2Fpostcss-7.0.30.tgz"
  dependencies:
    chalk "^2.4.2"
    source-map "^0.6.1"
    supports-color "^6.1.0"

q@^1.1.2:
  version "1.5.1"
  resolved "https://registry.npm.taobao.org/q/download/q-1.5.1.tgz"

resolve-from@^3.0.0:
  version "3.0.0"
  resolved "https://registry.npm.taobao.org/resolve-from/download/resolve-from-3.0.0.tgz"

rgb-regex@^1.0.1:
  version "1.0.1"
  resolved "https://registry.npm.taobao.org/rgb-regex/download/rgb-regex-1.0.1.tgz"

rgba-regex@^1.0.0:
  version "1.0.0"
  resolved "https://registry.npm.taobao.org/rgba-regex/download/rgba-regex-1.0.0.tgz"

sax@~1.2.4:
  version "1.2.4"
  resolved "https://registry.npm.taobao.org/sax/download/sax-1.2.4.tgz"

simple-swizzle@^0.2.2:
  version "0.2.2"
  resolved "https://registry.npm.taobao.org/simple-swizzle/download/simple-swizzle-0.2.2.tgz"
  dependencies:
    is-arrayish "^0.3.1"

source-map@^0.6.1:
  version "0.6.1"
  resolved "https://registry.npm.taobao.org/source-map/download/source-map-0.6.1.tgz"

sprintf-js@~1.0.2:
  version "1.0.3"
  resolved "https://registry.npm.taobao.org/sprintf-js/download/sprintf-js-1.0.3.tgz"

stable@^0.1.8:
  version "0.1.8"
  resolved "https://registry.npm.taobao.org/stable/download/stable-0.1.8.tgz"

string.prototype.trimend@^1.0.0:
  version "1.0.1"
  resolved "https://registry.npm.taobao.org/string.prototype.trimend/download/string.prototype.trimend-1.0.1.tgz?cache=0&sync_timestamp=1586465174354&other_urls=https%3A%2F%2Fregistry.npm.taobao.org%2Fstring.prototype.trimend%2Fdownload%2Fstring.prototype.trimend-1.0.1.tgz"
  dependencies:
    define-properties "^1.1.3"
    es-abstract "^1.17.5"

string.prototype.trimleft@^2.1.1:
  version "2.1.2"
  resolved "https://registry.npm.taobao.org/string.prototype.trimleft/download/string.prototype.trimleft-2.1.2.tgz?cache=0&sync_timestamp=1585557128690&other_urls=https%3A%2F%2Fregistry.npm.taobao.org%2Fstring.prototype.trimleft%2Fdownload%2Fstring.prototype.trimleft-2.1.2.tgz"
  dependencies:
    define-properties "^1.1.3"
    es-abstract "^1.17.5"
    string.prototype.trimstart "^1.0.0"

string.prototype.trimright@^2.1.1:
  version "2.1.2"
  resolved "https://registry.npm.taobao.org/string.prototype.trimright/download/string.prototype.trimright-2.1.2.tgz?cache=0&sync_timestamp=1585557103516&other_urls=https%3A%2F%2Fregistry.npm.taobao.org%2Fstring.prototype.trimright%2Fdownload%2Fstring.prototype.trimright-2.1.2.tgz"
  dependencies:
    define-properties "^1.1.3"
    es-abstract "^1.17.5"
    string.prototype.trimend "^1.0.0"

string.prototype.trimstart@^1.0.0:
  version "1.0.1"
  resolved "https://registry.npm.taobao.org/string.prototype.trimstart/download/string.prototype.trimstart-1.0.1.tgz?cache=0&sync_timestamp=1586465174342&other_urls=https%3A%2F%2Fregistry.npm.taobao.org%2Fstring.prototype.trimstart%2Fdownload%2Fstring.prototype.trimstart-1.0.1.tgz"
  dependencies:
    define-properties "^1.1.3"
    es-abstract "^1.17.5"

stylehacks@^4.0.0:
  version "4.0.3"
  resolved "https://registry.npm.taobao.org/stylehacks/download/stylehacks-4.0.3.tgz"
  dependencies:
    browserslist "^4.0.0"
    postcss "^7.0.0"
    postcss-selector-parser "^3.0.0"

supports-color@^5.3.0:
  version "5.5.0"
  resolved "https://registry.npm.taobao.org/supports-color/download/supports-color-5.5.0.tgz"
  dependencies:
    has-flag "^3.0.0"

supports-color@^6.1.0:
  version "6.1.0"
  resolved "https://registry.npm.taobao.org/supports-color/download/supports-color-6.1.0.tgz"
  dependencies:
    has-flag "^3.0.0"

svgo@^1.0.0:
  version "1.3.2"
  resolved "https://registry.npm.taobao.org/svgo/download/svgo-1.3.2.tgz"
  dependencies:
    chalk "^2.4.1"
    coa "^2.0.2"
    css-select "^2.0.0"
    css-select-base-adapter "^0.1.1"
    css-tree "1.0.0-alpha.37"
    csso "^4.0.2"
    js-yaml "^3.13.1"
    mkdirp "~0.5.1"
    object.values "^1.1.0"
    sax "~1.2.4"
    stable "^0.1.8"
    unquote "~1.1.1"
    util.promisify "~1.0.0"

timsort@^0.3.0:
  version "0.3.0"
  resolved "https://registry.npm.taobao.org/timsort/download/timsort-0.3.0.tgz"

uniq@^1.0.1:
  version "1.0.1"
  resolved "https://registry.npm.taobao.org/uniq/download/uniq-1.0.1.tgz"

uniqs@^2.0.0:
  version "2.0.0"
  resolved "https://registry.npm.taobao.org/uniqs/download/uniqs-2.0.0.tgz"

unquote@~1.1.1:
  version "1.1.1"
  resolved "https://registry.npm.taobao.org/unquote/download/unquote-1.1.1.tgz"

util.promisify@~1.0.0:
  version "1.0.1"
  resolved "https://registry.npm.taobao.org/util.promisify/download/util.promisify-1.0.1.tgz?cache=0&sync_timestamp=1579206994703&other_urls=https%3A%2F%2Fregistry.npm.taobao.org%2Futil.promisify%2Fdownload%2Futil.promisify-1.0.1.tgz"
  dependencies:
    define-properties "^1.1.3"
    es-abstract "^1.17.2"
    has-symbols "^1.0.1"
    object.getownpropertydescriptors "^2.1.0"

vendors@^1.0.0:
  version "1.0.4"
  resolved "https://registry.npm.taobao.org/vendors/download/vendors-1.0.4.tgz"
